
Microsoft Visual Studio Solution File, Format Version 12.00
# Visual Studio Version 17
VisualStudioVersion = 17.9.34728.123
MinimumVisualStudioVersion = 10.0.40219.1
Project("{FAE04EC0-301F-11D3-BF4B-00C04F79EFBC}") = "TicketManagementV2", "TiketManagementV2\TicketManagementV2.csproj", "{71978D98-C25E-40B5-B3AA-D23241B513C7}"
EndProject
Global
	GlobalSection(SolutionConfigurationPlatforms) = preSolution
		Debug|Any CPU = Debug|Any CPU
		Release|Any CPU = Release|Any CPU
	EndGlobalSection
	GlobalSection(ProjectConfigurationPlatforms) = postSolution
		{71978D98-C25E-40B5-B3AA-D23241B513C7}.Debug|Any CPU.ActiveCfg = Debug|Any CPU
		{71978D98-C25E-40B5-B3AA-D23241B513C7}.Debug|Any CPU.Build.0 = Debug|Any CPU
		{71978D98-C25E-40B5-B3AA-D23241B513C7}.Release|Any CPU.ActiveCfg = Release|Any CPU
		{71978D98-C25E-40B5-B3AA-D23241B513C7}.Release|Any CPU.Build.0 = Release|Any CPU
	EndGlobalSection
	GlobalSection(SolutionProperties) = preSolution
		HideSolutionNode = FALSE
	EndGlobalSection
	GlobalSection(ExtensibilityGlobals) = postSolution
		SolutionGuid = {22C092AF-1A83-4E00-9EE1-BCF40535C47A}
	EndGlobalSection
EndGlobal
